
Microsoft Visual Studio Solution File, Format Version 12.00
# Visual Studio 14
VisualStudioVersion = 14.0.24720.0
MinimumVisualStudioVersion = 10.0.40219.1
Project("{FAE04EC0-301F-11D3-BF4B-00C04F79EFBC}") = "DreamAmazon", "Amazed\DreamAmazon.csproj", "{A5DED0CE-F6B0-4E07-83C6-671CA219B63D}"
EndProject
Project("{FAE04EC0-301F-11D3-BF4B-00C04F79EFBC}") = "EventAggregator.Net", "EventAggregator\EventAggregator.Net.csproj", "{5DE30455-5DB4-418B-B655-5D903DF6966A}"
EndProject
Global
	GlobalSection(SolutionConfigurationPlatforms) = preSolution
		Debug|Any CPU = Debug|Any CPU
		Release|Any CPU = Release|Any CPU
	EndGlobalSection
	GlobalSection(ProjectConfigurationPlatforms) = postSolution
		{A5DED0CE-F6B0-4E07-83C6-671CA219B63D}.Debug|Any CPU.ActiveCfg = Debug|Any CPU
		{A5DED0CE-F6B0-4E07-83C6-671CA219B63D}.Debug|Any CPU.Build.0 = Debug|Any CPU
		{A5DED0CE-F6B0-4E07-83C6-671CA219B63D}.Release|Any CPU.ActiveCfg = Release|Any CPU
		{A5DED0CE-F6B0-4E07-83C6-671CA219B63D}.Release|Any CPU.Build.0 = Release|Any CPU
		{5DE30455-5DB4-418B-B655-5D903DF6966A}.Debug|Any CPU.ActiveCfg = Debug|Any CPU
		{5DE30455-5DB4-418B-B655-5D903DF6966A}.Debug|Any CPU.Build.0 = Debug|Any CPU
		{5DE30455-5DB4-418B-B655-5D903DF6966A}.Release|Any CPU.ActiveCfg = Release|Any CPU
		{5DE30455-5DB4-418B-B655-5D903DF6966A}.Release|Any CPU.Build.0 = Release|Any CPU
	EndGlobalSection
	GlobalSection(SolutionProperties) = preSolution
		HideSolutionNode = FALSE
	EndGlobalSection
EndGlobal
